{
  "name": "@monorepo/ignite",
  "version": "1.0.0",
  "lockfileVersion": 3,
  "requires": true,
  "packages": {
    "": {
      "name": "@monorepo/ignite",
      "version": "1.0.0",
      "workspaces": {
        "packages": [
          "nodejs/*"
        ]
      }
    },
    "node_modules/01-nodejs-fundamentals": {
      "resolved": "nodejs/01-nodejs-fundamentals",
      "link": true
    },
    "node_modules/02-creating-rest-api-with-nodejs": {
      "resolved": "nodejs/02-creating-rest-api-with-nodejs",
      "link": true
    },
    "node_modules/csv-parse": {
      "version": "5.5.3",
      "resolved": "https://registry.npmjs.org/csv-parse/-/csv-parse-5.5.3.tgz",
      "integrity": "sha512-v0KW6C0qlZzoGjk6u5tLmVfyZxNgPGXZsWTXshpAgKVGmGXzaVWGdlCFxNx5iuzcXT/oJN1HHM9DZKwtAtYa+A=="
    },
    "node_modules/practical-challenge-01": {
      "resolved": "nodejs/practical-challenge-01",
      "link": true
    },
    "node_modules/typescript": {
      "version": "5.3.3",
      "resolved": "https://registry.npmjs.org/typescript/-/typescript-5.3.3.tgz",
      "integrity": "sha512-pXWcraxM0uxAS+tN0AG/BF2TyqmHO014Z070UsJ+pFvYuRSq8KH8DmWpnbXe0pEPDHXZV3FcAbJkijJ5oNEnWw==",
      "dev": true,
      "bin": {
        "tsc": "bin/tsc",
        "tsserver": "bin/tsserver"
      },
      "engines": {
        "node": ">=14.17"
      }
    },
    "nodejs/01-nodejs-fundamentals": {
      "version": "1.0.0",
      "license": "ISC"
    },
    "nodejs/02-creating-rest-api-with-nodejs": {
      "version": "1.0.0",
      "license": "ISC",
      "devDependencies": {
        "typescript": "^5.3.3"
      }
    },
    "nodejs/practical-challenge-01": {
      "version": "1.0.0",
      "license": "ISC",
      "dependencies": {
        "csv-parse": "^5.5.3"
      }
    }
  }
}
