{
  "name": "@monorepo/ignite",
  "version": "1.0.0",
  "lockfileVersion": 3,
  "requires": true,
  "packages": {
    "": {
      "name": "@monorepo/ignite",
      "version": "1.0.0",
      "workspaces": {
        "packages": [
          "nodejs/*"
        ]
      }
    },
    "node_modules/01-nodejs-fundamentals": {
      "resolved": "nodejs/01-nodejs-fundamentals",
      "link": true
    },
    "node_modules/practical-challenge-01": {
      "resolved": "nodejs/practical-challenge-01",
      "link": true
    },
    "nodejs/01-nodejs-fundamentals": {
      "version": "1.0.0",
      "license": "ISC"
    },
    "nodejs/practical-challenge-01": {
      "version": "1.0.0",
      "license": "ISC"
    }
  }
}
